// !$*UTF8*$!
{
	archiveVersion = 1;
	classes = {
	};
	objectVersion = 50;
	objects = {

/* Begin PBXBuildFile section */
		7A934E4B225BA248000B622E /* AppDelegate.swift in Sources */ = {isa = PBXBuildFile; fileRef = 7A934E4A225BA248000B622E /* AppDelegate.swift */; };
		7A934E4D225BA248000B622E /* DashboardViewController.swift in Sources */ = {isa = PBXBuildFile; fileRef = 7A934E4C225BA248000B622E /* DashboardViewController.swift */; };
		7A934E4F225BA248000B622E /* BooksViewController.swift in Sources */ = {isa = PBXBuildFile; fileRef = 7A934E4E225BA248000B622E /* BooksViewController.swift */; };
		7A934E52225BA248000B622E /* Main.storyboard in Resources */ = {isa = PBXBuildFile; fileRef = 7A934E50225BA248000B622E /* Main.storyboard */; };
		7A934E54225BA24A000B622E /* Assets.xcassets in Resources */ = {isa = PBXBuildFile; fileRef = 7A934E53225BA24A000B622E /* Assets.xcassets */; };
		7A934E57225BA24A000B622E /* LaunchScreen.storyboard in Resources */ = {isa = PBXBuildFile; fileRef = 7A934E55225BA24A000B622E /* LaunchScreen.storyboard */; };
		7A934E62225BA24A000B622E /* BibleReadingChallengeTests.swift in Sources */ = {isa = PBXBuildFile; fileRef = 7A934E61225BA24A000B622E /* BibleReadingChallengeTests.swift */; };
		7A934E6D225BA24A000B622E /* BibleReadingChallengeUITests.swift in Sources */ = {isa = PBXBuildFile; fileRef = 7A934E6C225BA24A000B622E /* BibleReadingChallengeUITests.swift */; };
/* End PBXBuildFile section */

/* Begin PBXContainerItemProxy section */
		7A934E5E225BA24A000B622E /* PBXContainerItemProxy */ = {
			isa = PBXContainerItemProxy;
			containerPortal = 7A934E3F225BA248000B622E /* Project object */;
			proxyType = 1;
			remoteGlobalIDString = 7A934E46225BA248000B622E;
			remoteInfo = BibleReadingChallenge;
		};
		7A934E69225BA24A000B622E /* PBXContainerItemProxy */ = {
			isa = PBXContainerItemProxy;
			containerPortal = 7A934E3F225BA248000B622E /* Project object */;
			proxyType = 1;
			remoteGlobalIDString = 7A934E46225BA248000B622E;
			remoteInfo = BibleReadingChallenge;
		};
/* End PBXContainerItemProxy section */

/* Begin PBXFileReference section */
		7A934E47225BA248000B622E /* BibleReadingChallenge.app */ = {isa = PBXFileReference; explicitFileType = wrapper.application; includeInIndex = 0; path = BibleReadingChallenge.app; sourceTree = BUILT_PRODUCTS_DIR; };
		7A934E4A225BA248000B622E /* AppDelegate.swift */ = {isa = PBXFileReference; lastKnownFileType = sourcecode.swift; path = AppDelegate.swift; sourceTree = "<group>"; };
		7A934E4C225BA248000B622E /* DashboardViewController.swift */ = {isa = PBXFileReference; lastKnownFileType = sourcecode.swift; path = DashboardViewController.swift; sourceTree = "<group>"; };
		7A934E4E225BA248000B622E /* BooksViewController.swift */ = {isa = PBXFileReference; lastKnownFileType = sourcecode.swift; path = BooksViewController.swift; sourceTree = "<group>"; };
		7A934E51225BA248000B622E /* Base */ = {isa = PBXFileReference; lastKnownFileType = file.storyboard; name = Base; path = Base.lproj/Main.storyboard; sourceTree = "<group>"; };
		7A934E53225BA24A000B622E /* Assets.xcassets */ = {isa = PBXFileReference; lastKnownFileType = folder.assetcatalog; path = Assets.xcassets; sourceTree = "<group>"; };
		7A934E56225BA24A000B622E /* Base */ = {isa = PBXFileReference; lastKnownFileType = file.storyboard; name = Base; path = Base.lproj/LaunchScreen.storyboard; sourceTree = "<group>"; };
		7A934E58225BA24A000B622E /* Info.plist */ = {isa = PBXFileReference; lastKnownFileType = text.plist.xml; path = Info.plist; sourceTree = "<group>"; };
		7A934E5D225BA24A000B622E /* BibleReadingChallengeTests.xctest */ = {isa = PBXFileReference; explicitFileType = wrapper.cfbundle; includeInIndex = 0; path = BibleReadingChallengeTests.xctest; sourceTree = BUILT_PRODUCTS_DIR; };
		7A934E61225BA24A000B622E /* BibleReadingChallengeTests.swift */ = {isa = PBXFileReference; lastKnownFileType = sourcecode.swift; path = BibleReadingChallengeTests.swift; sourceTree = "<group>"; };
		7A934E63225BA24A000B622E /* Info.plist */ = {isa = PBXFileReference; lastKnownFileType = text.plist.xml; path = Info.plist; sourceTree = "<group>"; };
		7A934E68225BA24A000B622E /* BibleReadingChallengeUITests.xctest */ = {isa = PBXFileReference; explicitFileType = wrapper.cfbundle; includeInIndex = 0; path = BibleReadingChallengeUITests.xctest; sourceTree = BUILT_PRODUCTS_DIR; };
		7A934E6C225BA24A000B622E /* BibleReadingChallengeUITests.swift */ = {isa = PBXFileReference; lastKnownFileType = sourcecode.swift; path = BibleReadingChallengeUITests.swift; sourceTree = "<group>"; };
		7A934E6E225BA24A000B622E /* Info.plist */ = {isa = PBXFileReference; lastKnownFileType = text.plist.xml; path = Info.plist; sourceTree = "<group>"; };
/* End PBXFileReference section */

/* Begin PBXFrameworksBuildPhase section */
		7A934E44225BA248000B622E /* Frameworks */ = {
			isa = PBXFrameworksBuildPhase;
			buildActionMask = 2147483647;
			files = (
			);
			runOnlyForDeploymentPostprocessing = 0;
		};
		7A934E5A225BA24A000B622E /* Frameworks */ = {
			isa = PBXFrameworksBuildPhase;
			buildActionMask = 2147483647;
			files = (
			);
			runOnlyForDeploymentPostprocessing = 0;
		};
		7A934E65225BA24A000B622E /* Frameworks */ = {
			isa = PBXFrameworksBuildPhase;
			buildActionMask = 2147483647;
			files = (
			);
			runOnlyForDeploymentPostprocessing = 0;
		};
/* End PBXFrameworksBuildPhase section */

/* Begin PBXGroup section */
		7A934E3E225BA248000B622E = {
			isa = PBXGroup;
			children = (
				7A934E49225BA248000B622E /* BibleReadingChallenge */,
				7A934E60225BA24A000B622E /* BibleReadingChallengeTests */,
				7A934E6B225BA24A000B622E /* BibleReadingChallengeUITests */,
				7A934E48225BA248000B622E /* Products */,
			);
			sourceTree = "<group>";
		};
		7A934E48225BA248000B622E /* Products */ = {
			isa = PBXGroup;
			children = (
				7A934E47225BA248000B622E /* BibleReadingChallenge.app */,
				7A934E5D225BA24A000B622E /* BibleReadingChallengeTests.xctest */,
				7A934E68225BA24A000B622E /* BibleReadingChallengeUITests.xctest */,
			);
			name = Products;
			sourceTree = "<group>";
		};
		7A934E49225BA248000B622E /* BibleReadingChallenge */ = {
			isa = PBXGroup;
			children = (
				7A934E4A225BA248000B622E /* AppDelegate.swift */,
				7A934E4C225BA248000B622E /* DashboardViewController.swift */,
				7A934E4E225BA248000B622E /* BooksViewController.swift */,
				7A934E50225BA248000B622E /* Main.storyboard */,
				7A934E53225BA24A000B622E /* Assets.xcassets */,
				7A934E55225BA24A000B622E /* LaunchScreen.storyboard */,
				7A934E58225BA24A000B622E /* Info.plist */,
			);
			path = BibleReadingChallenge;
			sourceTree = "<group>";
		};
		7A934E60225BA24A000B622E /* BibleReadingChallengeTests */ = {
			isa = PBXGroup;
			children = (
				7A934E61225BA24A000B622E /* BibleReadingChallengeTests.swift */,
				7A934E63225BA24A000B622E /* Info.plist */,
			);
			path = BibleReadingChallengeTests;
			sourceTree = "<group>";
		};
		7A934E6B225BA24A000B622E /* BibleReadingChallengeUITests */ = {
			isa = PBXGroup;
			children = (
				7A934E6C225BA24A000B622E /* BibleReadingChallengeUITests.swift */,
				7A934E6E225BA24A000B622E /* Info.plist */,
			);
			path = BibleReadingChallengeUITests;
			sourceTree = "<group>";
		};
/* End PBXGroup section */

/* Begin PBXNativeTarget section */
		7A934E46225BA248000B622E /* BibleReadingChallenge */ = {
			isa = PBXNativeTarget;
			buildConfigurationList = 7A934E71225BA24A000B622E /* Build configuration list for PBXNativeTarget "BibleReadingChallenge" */;
			buildPhases = (
				7A934E43225BA248000B622E /* Sources */,
				7A934E44225BA248000B622E /* Frameworks */,
				7A934E45225BA248000B622E /* Resources */,
			);
			buildRules = (
			);
			dependencies = (
			);
			name = BibleReadingChallenge;
			productName = BibleReadingChallenge;
			productReference = 7A934E47225BA248000B622E /* BibleReadingChallenge.app */;
			productType = "com.apple.product-type.application";
		};
		7A934E5C225BA24A000B622E /* BibleReadingChallengeTests */ = {
			isa = PBXNativeTarget;
			buildConfigurationList = 7A934E74225BA24A000B622E /* Build configuration list for PBXNativeTarget "BibleReadingChallengeTests" */;
			buildPhases = (
				7A934E59225BA24A000B622E /* Sources */,
				7A934E5A225BA24A000B622E /* Frameworks */,
				7A934E5B225BA24A000B622E /* Resources */,
			);
			buildRules = (
			);
			dependencies = (
				7A934E5F225BA24A000B622E /* PBXTargetDependency */,
			);
			name = BibleReadingChallengeTests;
			productName = BibleReadingChallengeTests;
			productReference = 7A934E5D225BA24A000B622E /* BibleReadingChallengeTests.xctest */;
			productType = "com.apple.product-type.bundle.unit-test";
		};
		7A934E67225BA24A000B622E /* BibleReadingChallengeUITests */ = {
			isa = PBXNativeTarget;
			buildConfigurationList = 7A934E77225BA24A000B622E /* Build configuration list for PBXNativeTarget "BibleReadingChallengeUITests" */;
			buildPhases = (
				7A934E64225BA24A000B622E /* Sources */,
				7A934E65225BA24A000B622E /* Frameworks */,
				7A934E66225BA24A000B622E /* Resources */,
			);
			buildRules = (
			);
			dependencies = (
				7A934E6A225BA24A000B622E /* PBXTargetDependency */,
			);
			name = BibleReadingChallengeUITests;
			productName = BibleReadingChallengeUITests;
			productReference = 7A934E68225BA24A000B622E /* BibleReadingChallengeUITests.xctest */;
			productType = "com.apple.product-type.bundle.ui-testing";
		};
/* End PBXNativeTarget section */

/* Begin PBXProject section */
		7A934E3F225BA248000B622E /* Project object */ = {
			isa = PBXProject;
			attributes = {
				LastSwiftUpdateCheck = 1020;
				LastUpgradeCheck = 1020;
				ORGANIZATIONNAME = "Anderson Dias";
				TargetAttributes = {
					7A934E46225BA248000B622E = {
						CreatedOnToolsVersion = 10.2;
					};
					7A934E5C225BA24A000B622E = {
						CreatedOnToolsVersion = 10.2;
						TestTargetID = 7A934E46225BA248000B622E;
					};
					7A934E67225BA24A000B622E = {
						CreatedOnToolsVersion = 10.2;
						TestTargetID = 7A934E46225BA248000B622E;
					};
				};
			};
			buildConfigurationList = 7A934E42225BA248000B622E /* Build configuration list for PBXProject "BibleReadingChallenge" */;
			compatibilityVersion = "Xcode 9.3";
			developmentRegion = en;
			hasScannedForEncodings = 0;
			knownRegions = (
				en,
				Base,
			);
			mainGroup = 7A934E3E225BA248000B622E;
			productRefGroup = 7A934E48225BA248000B622E /* Products */;
			projectDirPath = "";
			projectRoot = "";
			targets = (
				7A934E46225BA248000B622E /* BibleReadingChallenge */,
				7A934E5C225BA24A000B622E /* BibleReadingChallengeTests */,
				7A934E67225BA24A000B622E /* BibleReadingChallengeUITests */,
			);
		};
/* End PBXProject section */

/* Begin PBXResourcesBuildPhase section */
		7A934E45225BA248000B622E /* Resources */ = {
			isa = PBXResourcesBuildPhase;
			buildActionMask = 2147483647;
			files = (
				7A934E57225BA24A000B622E /* LaunchScreen.storyboard in Resources */,
				7A934E54225BA24A000B622E /* Assets.xcassets in Resources */,
				7A934E52225BA248000B622E /* Main.storyboard in Resources */,
			);
			runOnlyForDeploymentPostprocessing = 0;
		};
		7A934E5B225BA24A000B622E /* Resources */ = {
			isa = PBXResourcesBuildPhase;
			buildActionMask = 2147483647;
			files = (
			);
			runOnlyForDeploymentPostprocessing = 0;
		};
		7A934E66225BA24A000B622E /* Resources */ = {
			isa = PBXResourcesBuildPhase;
			buildActionMask = 2147483647;
			files = (
			);
			runOnlyForDeploymentPostprocessing = 0;
		};
/* End PBXResourcesBuildPhase section */

/* Begin PBXSourcesBuildPhase section */
		7A934E43225BA248000B622E /* Sources */ = {
			isa = PBXSourcesBuildPhase;
			buildActionMask = 2147483647;
			files = (
				7A934E4F225BA248000B622E /* BooksViewController.swift in Sources */,
				7A934E4B225BA248000B622E /* AppDelegate.swift in Sources */,
				7A934E4D225BA248000B622E /* DashboardViewController.swift in Sources */,
			);
			runOnlyForDeploymentPostprocessing = 0;
		};
		7A934E59225BA24A000B622E /* Sources */ = {
			isa = PBXSourcesBuildPhase;
			buildActionMask = 2147483647;
			files = (
				7A934E62225BA24A000B622E /* BibleReadingChallengeTests.swift in Sources */,
			);
			runOnlyForDeploymentPostprocessing = 0;
		};
		7A934E64225BA24A000B622E /* Sources */ = {
			isa = PBXSourcesBuildPhase;
			buildActionMask = 2147483647;
			files = (
				7A934E6D225BA24A000B622E /* BibleReadingChallengeUITests.swift in Sources */,
			);
			runOnlyForDeploymentPostprocessing = 0;
		};
/* End PBXSourcesBuildPhase section */

/* Begin PBXTargetDependency section */
		7A934E5F225BA24A000B622E /* PBXTargetDependency */ = {
			isa = PBXTargetDependency;
			target = 7A934E46225BA248000B622E /* BibleReadingChallenge */;
			targetProxy = 7A934E5E225BA24A000B622E /* PBXContainerItemProxy */;
		};
		7A934E6A225BA24A000B622E /* PBXTargetDependency */ = {
			isa = PBXTargetDependency;
			target = 7A934E46225BA248000B622E /* BibleReadingChallenge */;
			targetProxy = 7A934E69225BA24A000B622E /* PBXContainerItemProxy */;
		};
/* End PBXTargetDependency section */

/* Begin PBXVariantGroup section */
		7A934E50225BA248000B622E /* Main.storyboard */ = {
			isa = PBXVariantGroup;
			children = (
				7A934E51225BA248000B622E /* Base */,
			);
			name = Main.storyboard;
			sourceTree = "<group>";
		};
		7A934E55225BA24A000B622E /* LaunchScreen.storyboard */ = {
			isa = PBXVariantGroup;
			children = (
				7A934E56225BA24A000B622E /* Base */,
			);
			name = LaunchScreen.storyboard;
			sourceTree = "<group>";
		};
/* End PBXVariantGroup section */

/* Begin XCBuildConfiguration section */
		7A934E6F225BA24A000B622E /* Debug */ = {
			isa = XCBuildConfiguration;
			buildSettings = {
				ALWAYS_SEARCH_USER_PATHS = NO;
				CLANG_ANALYZER_NONNULL = YES;
				CLANG_ANALYZER_NUMBER_OBJECT_CONVERSION = YES_AGGRESSIVE;
				CLANG_CXX_LANGUAGE_STANDARD = "gnu++14";
				CLANG_CXX_LIBRARY = "libc++";
				CLANG_ENABLE_MODULES = YES;
				CLANG_ENABLE_OBJC_ARC = YES;
				CLANG_ENABLE_OBJC_WEAK = YES;
				CLANG_WARN_BLOCK_CAPTURE_AUTORELEASING = YES;
				CLANG_WARN_BOOL_CONVERSION = YES;
				CLANG_WARN_COMMA = YES;
				CLANG_WARN_CONSTANT_CONVERSION = YES;
				CLANG_WARN_DEPRECATED_OBJC_IMPLEMENTATIONS = YES;
				CLANG_WARN_DIRECT_OBJC_ISA_USAGE = YES_ERROR;
				CLANG_WARN_DOCUMENTATION_COMMENTS = YES;
				CLANG_WARN_EMPTY_BODY = YES;
				CLANG_WARN_ENUM_CONVERSION = YES;
				CLANG_WARN_INFINITE_RECURSION = YES;
				CLANG_WARN_INT_CONVERSION = YES;
				CLANG_WARN_NON_LITERAL_NULL_CONVERSION = YES;
				CLANG_WARN_OBJC_IMPLICIT_RETAIN_SELF = YES;
				CLANG_WARN_OBJC_LITERAL_CONVERSION = YES;
				CLANG_WARN_OBJC_ROOT_CLASS = YES_ERROR;
				CLANG_WARN_RANGE_LOOP_ANALYSIS = YES;
				CLANG_WARN_STRICT_PROTOTYPES = YES;
				CLANG_WARN_SUSPICIOUS_MOVE = YES;
				CLANG_WARN_UNGUARDED_AVAILABILITY = YES_AGGRESSIVE;
				CLANG_WARN_UNREACHABLE_CODE = YES;
				CLANG_WARN__DUPLICATE_METHOD_MATCH = YES;
				CODE_SIGN_IDENTITY = "iPhone Developer";
				COPY_PHASE_STRIP = NO;
				DEBUG_INFORMATION_FORMAT = dwarf;
				ENABLE_STRICT_OBJC_MSGSEND = YES;
				ENABLE_TESTABILITY = YES;
				GCC_C_LANGUAGE_STANDARD = gnu11;
				GCC_DYNAMIC_NO_PIC = NO;
				GCC_NO_COMMON_BLOCKS = YES;
				GCC_OPTIMIZATION_LEVEL = 0;
				GCC_PREPROCESSOR_DEFINITIONS = (
					"DEBUG=1",
					"$(inherited)",
				);
				GCC_WARN_64_TO_32_BIT_CONVERSION = YES;
				GCC_WARN_ABOUT_RETURN_TYPE = YES_ERROR;
				GCC_WARN_UNDECLARED_SELECTOR = YES;
				GCC_WARN_UNINITIALIZED_AUTOS = YES_AGGRESSIVE;
				GCC_WARN_UNUSED_FUNCTION = YES;
				GCC_WARN_UNUSED_VARIABLE = YES;
				IPHONEOS_DEPLOYMENT_TARGET = 12.2;
				MTL_ENABLE_DEBUG_INFO = INCLUDE_SOURCE;
				MTL_FAST_MATH = YES;
				ONLY_ACTIVE_ARCH = YES;
				SDKROOT = iphoneos;
				SWIFT_ACTIVE_COMPILATION_CONDITIONS = DEBUG;
				SWIFT_OPTIMIZATION_LEVEL = "-Onone";
			};
			name = Debug;
		};
		7A934E70225BA24A000B622E /* Release */ = {
			isa = XCBuildConfiguration;
			buildSettings = {
				ALWAYS_SEARCH_USER_PATHS = NO;
				CLANG_ANALYZER_NONNULL = YES;
				CLANG_ANALYZER_NUMBER_OBJECT_CONVERSION = YES_AGGRESSIVE;
				CLANG_CXX_LANGUAGE_STANDARD = "gnu++14";
				CLANG_CXX_LIBRARY = "libc++";
				CLANG_ENABLE_MODULES = YES;
				CLANG_ENABLE_OBJC_ARC = YES;
				CLANG_ENABLE_OBJC_WEAK = YES;
				CLANG_WARN_BLOCK_CAPTURE_AUTORELEASING = YES;
				CLANG_WARN_BOOL_CONVERSION = YES;
				CLANG_WARN_COMMA = YES;
				CLANG_WARN_CONSTANT_CONVERSION = YES;
				CLANG_WARN_DEPRECATED_OBJC_IMPLEMENTATIONS = YES;
				CLANG_WARN_DIRECT_OBJC_ISA_USAGE = YES_ERROR;
				CLANG_WARN_DOCUMENTATION_COMMENTS = YES;
				CLANG_WARN_EMPTY_BODY = YES;
				CLANG_WARN_ENUM_CONVERSION = YES;
				CLANG_WARN_INFINITE_RECURSION = YES;
				CLANG_WARN_INT_CONVERSION = YES;
				CLANG_WARN_NON_LITERAL_NULL_CONVERSION = YES;
				CLANG_WARN_OBJC_IMPLICIT_RETAIN_SELF = YES;
				CLANG_WARN_OBJC_LITERAL_CONVERSION = YES;
				CLANG_WARN_OBJC_ROOT_CLASS = YES_ERROR;
				CLANG_WARN_RANGE_LOOP_ANALYSIS = YES;
				CLANG_WARN_STRICT_PROTOTYPES = YES;
				CLANG_WARN_SUSPICIOUS_MOVE = YES;
				CLANG_WARN_UNGUARDED_AVAILABILITY = YES_AGGRESSIVE;
				CLANG_WARN_UNREACHABLE_CODE = YES;
				CLANG_WARN__DUPLICATE_METHOD_MATCH = YES;
				CODE_SIGN_IDENTITY = "iPhone Developer";
				COPY_PHASE_STRIP = NO;
				DEBUG_INFORMATION_FORMAT = "dwarf-with-dsym";
				ENABLE_NS_ASSERTIONS = NO;
				ENABLE_STRICT_OBJC_MSGSEND = YES;
				GCC_C_LANGUAGE_STANDARD = gnu11;
				GCC_NO_COMMON_BLOCKS = YES;
				GCC_WARN_64_TO_32_BIT_CONVERSION = YES;
				GCC_WARN_ABOUT_RETURN_TYPE = YES_ERROR;
				GCC_WARN_UNDECLARED_SELECTOR = YES;
				GCC_WARN_UNINITIALIZED_AUTOS = YES_AGGRESSIVE;
				GCC_WARN_UNUSED_FUNCTION = YES;
				GCC_WARN_UNUSED_VARIABLE = YES;
				IPHONEOS_DEPLOYMENT_TARGET = 12.2;
				MTL_ENABLE_DEBUG_INFO = NO;
				MTL_FAST_MATH = YES;
				SDKROOT = iphoneos;
				SWIFT_COMPILATION_MODE = wholemodule;
				SWIFT_OPTIMIZATION_LEVEL = "-O";
				VALIDATE_PRODUCT = YES;
			};
			name = Release;
		};
		7A934E72225BA24A000B622E /* Debug */ = {
			isa = XCBuildConfiguration;
			buildSettings = {
				ASSETCATALOG_COMPILER_APPICON_NAME = AppIcon;
				CODE_SIGN_STYLE = Automatic;
				DEVELOPMENT_TEAM = 5R8Z4G8R2K;
				INFOPLIST_FILE = BibleReadingChallenge/Info.plist;
				LD_RUNPATH_SEARCH_PATHS = (
					"$(inherited)",
					"@executable_path/Frameworks",
				);
				PRODUCT_BUNDLE_IDENTIFIER = br.com.andersondias.BibleReadingChallenge;
				PRODUCT_NAME = "$(TARGET_NAME)";
				SWIFT_VERSION = 5.0;
				TARGETED_DEVICE_FAMILY = "1,2";
			};
			name = Debug;
		};
		7A934E73225BA24A000B622E /* Release */ = {
			isa = XCBuildConfiguration;
			buildSettings = {
				ASSETCATALOG_COMPILER_APPICON_NAME = AppIcon;
				CODE_SIGN_STYLE = Automatic;
				DEVELOPMENT_TEAM = 5R8Z4G8R2K;
				INFOPLIST_FILE = BibleReadingChallenge/Info.plist;
				LD_RUNPATH_SEARCH_PATHS = (
					"$(inherited)",
					"@executable_path/Frameworks",
				);
				PRODUCT_BUNDLE_IDENTIFIER = br.com.andersondias.BibleReadingChallenge;
				PRODUCT_NAME = "$(TARGET_NAME)";
				SWIFT_VERSION = 5.0;
				TARGETED_DEVICE_FAMILY = "1,2";
			};
			name = Release;
		};
		7A934E75225BA24A000B622E /* Debug */ = {
			isa = XCBuildConfiguration;
			buildSettings = {
				ALWAYS_EMBED_SWIFT_STANDARD_LIBRARIES = YES;
				BUNDLE_LOADER = "$(TEST_HOST)";
				CODE_SIGN_STYLE = Automatic;
				DEVELOPMENT_TEAM = 5R8Z4G8R2K;
				INFOPLIST_FILE = BibleReadingChallengeTests/Info.plist;
				LD_RUNPATH_SEARCH_PATHS = (
					"$(inherited)",
					"@executable_path/Frameworks",
					"@loader_path/Frameworks",
				);
				PRODUCT_BUNDLE_IDENTIFIER = br.com.andersondias.BibleReadingChallengeTests;
				PRODUCT_NAME = "$(TARGET_NAME)";
				SWIFT_VERSION = 5.0;
				TARGETED_DEVICE_FAMILY = "1,2";
				TEST_HOST = "$(BUILT_PRODUCTS_DIR)/BibleReadingChallenge.app/BibleReadingChallenge";
			};
			name = Debug;
		};
		7A934E76225BA24A000B622E /* Release */ = {
			isa = XCBuildConfiguration;
			buildSettings = {
				ALWAYS_EMBED_SWIFT_STANDARD_LIBRARIES = YES;
				BUNDLE_LOADER = "$(TEST_HOST)";
				CODE_SIGN_STYLE = Automatic;
				DEVELOPMENT_TEAM = 5R8Z4G8R2K;
				INFOPLIST_FILE = BibleReadingChallengeTests/Info.plist;
				LD_RUNPATH_SEARCH_PATHS = (
					"$(inherited)",
					"@executable_path/Frameworks",
					"@loader_path/Frameworks",
				);
				PRODUCT_BUNDLE_IDENTIFIER = br.com.andersondias.BibleReadingChallengeTests;
				PRODUCT_NAME = "$(TARGET_NAME)";
				SWIFT_VERSION = 5.0;
				TARGETED_DEVICE_FAMILY = "1,2";
				TEST_HOST = "$(BUILT_PRODUCTS_DIR)/BibleReadingChallenge.app/BibleReadingChallenge";
			};
			name = Release;
		};
		7A934E78225BA24A000B622E /* Debug */ = {
			isa = XCBuildConfiguration;
			buildSettings = {
				ALWAYS_EMBED_SWIFT_STANDARD_LIBRARIES = YES;
				CODE_SIGN_STYLE = Automatic;
				DEVELOPMENT_TEAM = 5R8Z4G8R2K;
				INFOPLIST_FILE = BibleReadingChallengeUITests/Info.plist;
				LD_RUNPATH_SEARCH_PATHS = (
					"$(inherited)",
					"@executable_path/Frameworks",
					"@loader_path/Frameworks",
				);
				PRODUCT_BUNDLE_IDENTIFIER = br.com.andersondias.BibleReadingChallengeUITests;
				PRODUCT_NAME = "$(TARGET_NAME)";
				SWIFT_VERSION = 5.0;
				TARGETED_DEVICE_FAMILY = "1,2";
				TEST_TARGET_NAME = BibleReadingChallenge;
			};
			name = Debug;
		};
		7A934E79225BA24A000B622E /* Release */ = {
			isa = XCBuildConfiguration;
			buildSettings = {
				ALWAYS_EMBED_SWIFT_STANDARD_LIBRARIES = YES;
				CODE_SIGN_STYLE = Automatic;
				DEVELOPMENT_TEAM = 5R8Z4G8R2K;
				INFOPLIST_FILE = BibleReadingChallengeUITests/Info.plist;
				LD_RUNPATH_SEARCH_PATHS = (
					"$(inherited)",
					"@executable_path/Frameworks",
					"@loader_path/Frameworks",
				);
				PRODUCT_BUNDLE_IDENTIFIER = br.com.andersondias.BibleReadingChallengeUITests;
				PRODUCT_NAME = "$(TARGET_NAME)";
				SWIFT_VERSION = 5.0;
				TARGETED_DEVICE_FAMILY = "1,2";
				TEST_TARGET_NAME = BibleReadingChallenge;
			};
			name = Release;
		};
/* End XCBuildConfiguration section */

/* Begin XCConfigurationList section */
		7A934E42225BA248000B622E /* Build configuration list for PBXProject "BibleReadingChallenge" */ = {
			isa = XCConfigurationList;
			buildConfigurations = (
				7A934E6F225BA24A000B622E /* Debug */,
				7A934E70225BA24A000B622E /* Release */,
			);
			defaultConfigurationIsVisible = 0;
			defaultConfigurationName = Release;
		};
		7A934E71225BA24A000B622E /* Build configuration list for PBXNativeTarget "BibleReadingChallenge" */ = {
			isa = XCConfigurationList;
			buildConfigurations = (
				7A934E72225BA24A000B622E /* Debug */,
				7A934E73225BA24A000B622E /* Release */,
			);
			defaultConfigurationIsVisible = 0;
			defaultConfigurationName = Release;
		};
		7A934E74225BA24A000B622E /* Build configuration list for PBXNativeTarget "BibleReadingChallengeTests" */ = {
			isa = XCConfigurationList;
			buildConfigurations = (
				7A934E75225BA24A000B622E /* Debug */,
				7A934E76225BA24A000B622E /* Release */,
			);
			defaultConfigurationIsVisible = 0;
			defaultConfigurationName = Release;
		};
		7A934E77225BA24A000B622E /* Build configuration list for PBXNativeTarget "BibleReadingChallengeUITests" */ = {
			isa = XCConfigurationList;
			buildConfigurations = (
				7A934E78225BA24A000B622E /* Debug */,
				7A934E79225BA24A000B622E /* Release */,
			);
			defaultConfigurationIsVisible = 0;
			defaultConfigurationName = Release;
		};
/* End XCConfigurationList section */
	};
	rootObject = 7A934E3F225BA248000B622E /* Project object */;
}
